
Microsoft Visual Studio Solution File, Format Version 12.00
# Visual Studio Version 16
VisualStudioVersion = 16.0.31005.135
MinimumVisualStudioVersion = 10.0.40219.1
Project("{FAE04EC0-301F-11D3-BF4B-00C04F79EFBC}") = "ReferenceTypes", "ReferenceTypes\ReferenceTypes.csproj", "{DADC0A0A-DDBD-4258-A352-04AF8B691DCE}"
EndProject
Project("{FAE04EC0-301F-11D3-BF4B-00C04F79EFBC}") = "Loops", "Loops\Loops.csproj", "{0FF93FEC-A89D-44C7-A103-6C5FE1AED7E7}"
EndProject
Project("{FAE04EC0-301F-11D3-BF4B-00C04F79EFBC}") = "Maths", "Maths\Maths.csproj", "{1113602F-476F-4BCC-AD0A-66DFB3605D50}"
EndProject
Global
	GlobalSection(SolutionConfigurationPlatforms) = preSolution
		Debug|Any CPU = Debug|Any CPU
		Release|Any CPU = Release|Any CPU
	EndGlobalSection
	GlobalSection(ProjectConfigurationPlatforms) = postSolution
		{DADC0A0A-DDBD-4258-A352-04AF8B691DCE}.Debug|Any CPU.ActiveCfg = Debug|Any CPU
		{DADC0A0A-DDBD-4258-A352-04AF8B691DCE}.Debug|Any CPU.Build.0 = Debug|Any CPU
		{DADC0A0A-DDBD-4258-A352-04AF8B691DCE}.Release|Any CPU.ActiveCfg = Release|Any CPU
		{DADC0A0A-DDBD-4258-A352-04AF8B691DCE}.Release|Any CPU.Build.0 = Release|Any CPU
		{0FF93FEC-A89D-44C7-A103-6C5FE1AED7E7}.Debug|Any CPU.ActiveCfg = Debug|Any CPU
		{0FF93FEC-A89D-44C7-A103-6C5FE1AED7E7}.Debug|Any CPU.Build.0 = Debug|Any CPU
		{0FF93FEC-A89D-44C7-A103-6C5FE1AED7E7}.Release|Any CPU.ActiveCfg = Release|Any CPU
		{0FF93FEC-A89D-44C7-A103-6C5FE1AED7E7}.Release|Any CPU.Build.0 = Release|Any CPU
		{1113602F-476F-4BCC-AD0A-66DFB3605D50}.Debug|Any CPU.ActiveCfg = Debug|Any CPU
		{1113602F-476F-4BCC-AD0A-66DFB3605D50}.Debug|Any CPU.Build.0 = Debug|Any CPU
		{1113602F-476F-4BCC-AD0A-66DFB3605D50}.Release|Any CPU.ActiveCfg = Release|Any CPU
		{1113602F-476F-4BCC-AD0A-66DFB3605D50}.Release|Any CPU.Build.0 = Release|Any CPU
	EndGlobalSection
	GlobalSection(SolutionProperties) = preSolution
		HideSolutionNode = FALSE
	EndGlobalSection
	GlobalSection(ExtensibilityGlobals) = postSolution
		SolutionGuid = {0529C8BC-BC91-4D74-ACEA-57A5396C3467}
	EndGlobalSection
EndGlobal
